// !$*UTF8*$!
{
	archiveVersion = 1;
	classes = {
	};
	objectVersion = 46;
	objects = {

/* Begin PBXBuildFile section */
		AB1C34A11C9802B200C7A854 /* AppDelegate.swift in Sources */ = {isa = PBXBuildFile; fileRef = AB1C34A01C9802B200C7A854 /* AppDelegate.swift */; };
		AB1C34A31C9802B200C7A854 /* ViewController.swift in Sources */ = {isa = PBXBuildFile; fileRef = AB1C34A21C9802B200C7A854 /* ViewController.swift */; };
		AB1C34A61C9802B200C7A854 /* Main.storyboard in Resources */ = {isa = PBXBuildFile; fileRef = AB1C34A41C9802B200C7A854 /* Main.storyboard */; };
		AB1C34A81C9802B200C7A854 /* Assets.xcassets in Resources */ = {isa = PBXBuildFile; fileRef = AB1C34A71C9802B200C7A854 /* Assets.xcassets */; };
		AB1C34AB1C9802B200C7A854 /* LaunchScreen.storyboard in Resources */ = {isa = PBXBuildFile; fileRef = AB1C34A91C9802B200C7A854 /* LaunchScreen.storyboard */; };
		AB1C34B61C9802B300C7A854 /* ___Tests.swift in Sources */ = {isa = PBXBuildFile; fileRef = AB1C34B51C9802B300C7A854 /* ___Tests.swift */; };
		AB1C34C11C9802B300C7A854 /* ___UITests.swift in Sources */ = {isa = PBXBuildFile; fileRef = AB1C34C01C9802B300C7A854 /* ___UITests.swift */; };
/* End PBXBuildFile section */

/* Begin PBXContainerItemProxy section */
		AB1C34B21C9802B300C7A854 /* PBXContainerItemProxy */ = {
			isa = PBXContainerItemProxy;
			containerPortal = AB1C34951C9802B200C7A854 /* Project object */;
			proxyType = 1;
			remoteGlobalIDString = AB1C349C1C9802B200C7A854;
			remoteInfo = "摇一摇";
		};
		AB1C34BD1C9802B300C7A854 /* PBXContainerItemProxy */ = {
			isa = PBXContainerItemProxy;
			containerPortal = AB1C34951C9802B200C7A854 /* Project object */;
			proxyType = 1;
			remoteGlobalIDString = AB1C349C1C9802B200C7A854;
			remoteInfo = "摇一摇";
		};
/* End PBXContainerItemProxy section */

/* Begin PBXFileReference section */
		AB1C349D1C9802B200C7A854 /* 摇一摇.app */ = {isa = PBXFileReference; explicitFileType = wrapper.application; includeInIndex = 0; path = "摇一摇.app"; sourceTree = BUILT_PRODUCTS_DIR; };
		AB1C34A01C9802B200C7A854 /* AppDelegate.swift */ = {isa = PBXFileReference; lastKnownFileType = sourcecode.swift; path = AppDelegate.swift; sourceTree = "<group>"; };
		AB1C34A21C9802B200C7A854 /* ViewController.swift */ = {isa = PBXFileReference; lastKnownFileType = sourcecode.swift; path = ViewController.swift; sourceTree = "<group>"; };
		AB1C34A51C9802B200C7A854 /* Base */ = {isa = PBXFileReference; lastKnownFileType = file.storyboard; name = Base; path = Base.lproj/Main.storyboard; sourceTree = "<group>"; };
		AB1C34A71C9802B200C7A854 /* Assets.xcassets */ = {isa = PBXFileReference; lastKnownFileType = folder.assetcatalog; path = Assets.xcassets; sourceTree = "<group>"; };
		AB1C34AA1C9802B200C7A854 /* Base */ = {isa = PBXFileReference; lastKnownFileType = file.storyboard; name = Base; path = Base.lproj/LaunchScreen.storyboard; sourceTree = "<group>"; };
		AB1C34AC1C9802B300C7A854 /* Info.plist */ = {isa = PBXFileReference; lastKnownFileType = text.plist.xml; path = Info.plist; sourceTree = "<group>"; };
		AB1C34B11C9802B300C7A854 /* 摇一摇Tests.xctest */ = {isa = PBXFileReference; explicitFileType = wrapper.cfbundle; includeInIndex = 0; path = "摇一摇Tests.xctest"; sourceTree = BUILT_PRODUCTS_DIR; };
		AB1C34B51C9802B300C7A854 /* ___Tests.swift */ = {isa = PBXFileReference; lastKnownFileType = sourcecode.swift; path = "___Tests.swift"; sourceTree = "<group>"; };
		AB1C34B71C9802B300C7A854 /* Info.plist */ = {isa = PBXFileReference; lastKnownFileType = text.plist.xml; path = Info.plist; sourceTree = "<group>"; };
		AB1C34BC1C9802B300C7A854 /* 摇一摇UITests.xctest */ = {isa = PBXFileReference; explicitFileType = wrapper.cfbundle; includeInIndex = 0; path = "摇一摇UITests.xctest"; sourceTree = BUILT_PRODUCTS_DIR; };
		AB1C34C01C9802B300C7A854 /* ___UITests.swift */ = {isa = PBXFileReference; lastKnownFileType = sourcecode.swift; path = "___UITests.swift"; sourceTree = "<group>"; };
		AB1C34C21C9802B300C7A854 /* Info.plist */ = {isa = PBXFileReference; lastKnownFileType = text.plist.xml; path = Info.plist; sourceTree = "<group>"; };
/* End PBXFileReference section */

/* Begin PBXFrameworksBuildPhase section */
		AB1C349A1C9802B200C7A854 /* Frameworks */ = {
			isa = PBXFrameworksBuildPhase;
			buildActionMask = 2147483647;
			files = (
			);
			runOnlyForDeploymentPostprocessing = 0;
		};
		AB1C34AE1C9802B300C7A854 /* Frameworks */ = {
			isa = PBXFrameworksBuildPhase;
			buildActionMask = 2147483647;
			files = (
			);
			runOnlyForDeploymentPostprocessing = 0;
		};
		AB1C34B91C9802B300C7A854 /* Frameworks */ = {
			isa = PBXFrameworksBuildPhase;
			buildActionMask = 2147483647;
			files = (
			);
			runOnlyForDeploymentPostprocessing = 0;
		};
/* End PBXFrameworksBuildPhase section */

/* Begin PBXGroup section */
		AB1C34941C9802B200C7A854 = {
			isa = PBXGroup;
			children = (
				AB1C349F1C9802B200C7A854 /* 摇一摇 */,
				AB1C34B41C9802B300C7A854 /* 摇一摇Tests */,
				AB1C34BF1C9802B300C7A854 /* 摇一摇UITests */,
				AB1C349E1C9802B200C7A854 /* Products */,
			);
			sourceTree = "<group>";
		};
		AB1C349E1C9802B200C7A854 /* Products */ = {
			isa = PBXGroup;
			children = (
				AB1C349D1C9802B200C7A854 /* 摇一摇.app */,
				AB1C34B11C9802B300C7A854 /* 摇一摇Tests.xctest */,
				AB1C34BC1C9802B300C7A854 /* 摇一摇UITests.xctest */,
			);
			name = Products;
			sourceTree = "<group>";
		};
		AB1C349F1C9802B200C7A854 /* 摇一摇 */ = {
			isa = PBXGroup;
			children = (
				AB1C34A01C9802B200C7A854 /* AppDelegate.swift */,
				AB1C34A21C9802B200C7A854 /* ViewController.swift */,
				AB1C34A41C9802B200C7A854 /* Main.storyboard */,
				AB1C34A71C9802B200C7A854 /* Assets.xcassets */,
				AB1C34A91C9802B200C7A854 /* LaunchScreen.storyboard */,
				AB1C34AC1C9802B300C7A854 /* Info.plist */,
			);
			path = "摇一摇";
			sourceTree = "<group>";
		};
		AB1C34B41C9802B300C7A854 /* 摇一摇Tests */ = {
			isa = PBXGroup;
			children = (
				AB1C34B51C9802B300C7A854 /* ___Tests.swift */,
				AB1C34B71C9802B300C7A854 /* Info.plist */,
			);
			path = "摇一摇Tests";
			sourceTree = "<group>";
		};
		AB1C34BF1C9802B300C7A854 /* 摇一摇UITests */ = {
			isa = PBXGroup;
			children = (
				AB1C34C01C9802B300C7A854 /* ___UITests.swift */,
				AB1C34C21C9802B300C7A854 /* Info.plist */,
			);
			path = "摇一摇UITests";
			sourceTree = "<group>";
		};
/* End PBXGroup section */

/* Begin PBXNativeTarget section */
		AB1C349C1C9802B200C7A854 /* 摇一摇 */ = {
			isa = PBXNativeTarget;
			buildConfigurationList = AB1C34C51C9802B300C7A854 /* Build configuration list for PBXNativeTarget "摇一摇" */;
			buildPhases = (
				AB1C34991C9802B200C7A854 /* Sources */,
				AB1C349A1C9802B200C7A854 /* Frameworks */,
				AB1C349B1C9802B200C7A854 /* Resources */,
			);
			buildRules = (
			);
			dependencies = (
			);
			name = "摇一摇";
			productName = "摇一摇";
			productReference = AB1C349D1C9802B200C7A854 /* 摇一摇.app */;
			productType = "com.apple.product-type.application";
		};
		AB1C34B01C9802B300C7A854 /* 摇一摇Tests */ = {
			isa = PBXNativeTarget;
			buildConfigurationList = AB1C34C81C9802B300C7A854 /* Build configuration list for PBXNativeTarget "摇一摇Tests" */;
			buildPhases = (
				AB1C34AD1C9802B300C7A854 /* Sources */,
				AB1C34AE1C9802B300C7A854 /* Frameworks */,
				AB1C34AF1C9802B300C7A854 /* Resources */,
			);
			buildRules = (
			);
			dependencies = (
				AB1C34B31C9802B300C7A854 /* PBXTargetDependency */,
			);
			name = "摇一摇Tests";
			productName = "摇一摇Tests";
			productReference = AB1C34B11C9802B300C7A854 /* 摇一摇Tests.xctest */;
			productType = "com.apple.product-type.bundle.unit-test";
		};
		AB1C34BB1C9802B300C7A854 /* 摇一摇UITests */ = {
			isa = PBXNativeTarget;
			buildConfigurationList = AB1C34CB1C9802B300C7A854 /* Build configuration list for PBXNativeTarget "摇一摇UITests" */;
			buildPhases = (
				AB1C34B81C9802B300C7A854 /* Sources */,
				AB1C34B91C9802B300C7A854 /* Frameworks */,
				AB1C34BA1C9802B300C7A854 /* Resources */,
			);
			buildRules = (
			);
			dependencies = (
				AB1C34BE1C9802B300C7A854 /* PBXTargetDependency */,
			);
			name = "摇一摇UITests";
			productName = "摇一摇UITests";
			productReference = AB1C34BC1C9802B300C7A854 /* 摇一摇UITests.xctest */;
			productType = "com.apple.product-type.bundle.ui-testing";
		};
/* End PBXNativeTarget section */

/* Begin PBXProject section */
		AB1C34951C9802B200C7A854 /* Project object */ = {
			isa = PBXProject;
			attributes = {
				LastSwiftUpdateCheck = 0720;
				LastUpgradeCheck = 0720;
				ORGANIZATIONNAME = czljcb;
				TargetAttributes = {
					AB1C349C1C9802B200C7A854 = {
						CreatedOnToolsVersion = 7.2;
						DevelopmentTeam = R572233UJT;
					};
					AB1C34B01C9802B300C7A854 = {
						CreatedOnToolsVersion = 7.2;
						DevelopmentTeam = R572233UJT;
						TestTargetID = AB1C349C1C9802B200C7A854;
					};
					AB1C34BB1C9802B300C7A854 = {
						CreatedOnToolsVersion = 7.2;
						DevelopmentTeam = R572233UJT;
						TestTargetID = AB1C349C1C9802B200C7A854;
					};
				};
			};
			buildConfigurationList = AB1C34981C9802B200C7A854 /* Build configuration list for PBXProject "摇一摇" */;
			compatibilityVersion = "Xcode 3.2";
			developmentRegion = English;
			hasScannedForEncodings = 0;
			knownRegions = (
				en,
				Base,
			);
			mainGroup = AB1C34941C9802B200C7A854;
			productRefGroup = AB1C349E1C9802B200C7A854 /* Products */;
			projectDirPath = "";
			projectRoot = "";
			targets = (
				AB1C349C1C9802B200C7A854 /* 摇一摇 */,
				AB1C34B01C9802B300C7A854 /* 摇一摇Tests */,
				AB1C34BB1C9802B300C7A854 /* 摇一摇UITests */,
			);
		};
/* End PBXProject section */

/* Begin PBXResourcesBuildPhase section */
		AB1C349B1C9802B200C7A854 /* Resources */ = {
			isa = PBXResourcesBuildPhase;
			buildActionMask = 2147483647;
			files = (
				AB1C34AB1C9802B200C7A854 /* LaunchScreen.storyboard in Resources */,
				AB1C34A81C9802B200C7A854 /* Assets.xcassets in Resources */,
				AB1C34A61C9802B200C7A854 /* Main.storyboard in Resources */,
			);
			runOnlyForDeploymentPostprocessing = 0;
		};
		AB1C34AF1C9802B300C7A854 /* Resources */ = {
			isa = PBXResourcesBuildPhase;
			buildActionMask = 2147483647;
			files = (
			);
			runOnlyForDeploymentPostprocessing = 0;
		};
		AB1C34BA1C9802B300C7A854 /* Resources */ = {
			isa = PBXResourcesBuildPhase;
			buildActionMask = 2147483647;
			files = (
			);
			runOnlyForDeploymentPostprocessing = 0;
		};
/* End PBXResourcesBuildPhase section */

/* Begin PBXSourcesBuildPhase section */
		AB1C34991C9802B200C7A854 /* Sources */ = {
			isa = PBXSourcesBuildPhase;
			buildActionMask = 2147483647;
			files = (
				AB1C34A31C9802B200C7A854 /* ViewController.swift in Sources */,
				AB1C34A11C9802B200C7A854 /* AppDelegate.swift in Sources */,
			);
			runOnlyForDeploymentPostprocessing = 0;
		};
		AB1C34AD1C9802B300C7A854 /* Sources */ = {
			isa = PBXSourcesBuildPhase;
			buildActionMask = 2147483647;
			files = (
				AB1C34B61C9802B300C7A854 /* ___Tests.swift in Sources */,
			);
			runOnlyForDeploymentPostprocessing = 0;
		};
		AB1C34B81C9802B300C7A854 /* Sources */ = {
			isa = PBXSourcesBuildPhase;
			buildActionMask = 2147483647;
			files = (
				AB1C34C11C9802B300C7A854 /* ___UITests.swift in Sources */,
			);
			runOnlyForDeploymentPostprocessing = 0;
		};
/* End PBXSourcesBuildPhase section */

/* Begin PBXTargetDependency section */
		AB1C34B31C9802B300C7A854 /* PBXTargetDependency */ = {
			isa = PBXTargetDependency;
			target = AB1C349C1C9802B200C7A854 /* 摇一摇 */;
			targetProxy = AB1C34B21C9802B300C7A854 /* PBXContainerItemProxy */;
		};
		AB1C34BE1C9802B300C7A854 /* PBXTargetDependency */ = {
			isa = PBXTargetDependency;
			target = AB1C349C1C9802B200C7A854 /* 摇一摇 */;
			targetProxy = AB1C34BD1C9802B300C7A854 /* PBXContainerItemProxy */;
		};
/* End PBXTargetDependency section */

/* Begin PBXVariantGroup section */
		AB1C34A41C9802B200C7A854 /* Main.storyboard */ = {
			isa = PBXVariantGroup;
			children = (
				AB1C34A51C9802B200C7A854 /* Base */,
			);
			name = Main.storyboard;
			sourceTree = "<group>";
		};
		AB1C34A91C9802B200C7A854 /* LaunchScreen.storyboard */ = {
			isa = PBXVariantGroup;
			children = (
				AB1C34AA1C9802B200C7A854 /* Base */,
			);
			name = LaunchScreen.storyboard;
			sourceTree = "<group>";
		};
/* End PBXVariantGroup section */

/* Begin XCBuildConfiguration section */
		AB1C34C31C9802B300C7A854 /* Debug */ = {
			isa = XCBuildConfiguration;
			buildSettings = {
				ALWAYS_SEARCH_USER_PATHS = NO;
				CLANG_CXX_LANGUAGE_STANDARD = "gnu++0x";
				CLANG_CXX_LIBRARY = "libc++";
				CLANG_ENABLE_MODULES = YES;
				CLANG_ENABLE_OBJC_ARC = YES;
				CLANG_WARN_BOOL_CONVERSION = YES;
				CLANG_WARN_CONSTANT_CONVERSION = YES;
				CLANG_WARN_DIRECT_OBJC_ISA_USAGE = YES_ERROR;
				CLANG_WARN_EMPTY_BODY = YES;
				CLANG_WARN_ENUM_CONVERSION = YES;
				CLANG_WARN_INT_CONVERSION = YES;
				CLANG_WARN_OBJC_ROOT_CLASS = YES_ERROR;
				CLANG_WARN_UNREACHABLE_CODE = YES;
				CLANG_WARN__DUPLICATE_METHOD_MATCH = YES;
				"CODE_SIGN_IDENTITY[sdk=iphoneos*]" = "iPhone Developer";
				COPY_PHASE_STRIP = NO;
				DEBUG_INFORMATION_FORMAT = dwarf;
				ENABLE_STRICT_OBJC_MSGSEND = YES;
				ENABLE_TESTABILITY = YES;
				GCC_C_LANGUAGE_STANDARD = gnu99;
				GCC_DYNAMIC_NO_PIC = NO;
				GCC_NO_COMMON_BLOCKS = YES;
				GCC_OPTIMIZATION_LEVEL = 0;
				GCC_PREPROCESSOR_DEFINITIONS = (
					"DEBUG=1",
					"$(inherited)",
				);
				GCC_WARN_64_TO_32_BIT_CONVERSION = YES;
				GCC_WARN_ABOUT_RETURN_TYPE = YES_ERROR;
				GCC_WARN_UNDECLARED_SELECTOR = YES;
				GCC_WARN_UNINITIALIZED_AUTOS = YES_AGGRESSIVE;
				GCC_WARN_UNUSED_FUNCTION = YES;
				GCC_WARN_UNUSED_VARIABLE = YES;
				IPHONEOS_DEPLOYMENT_TARGET = 9.2;
				MTL_ENABLE_DEBUG_INFO = YES;
				ONLY_ACTIVE_ARCH = YES;
				SDKROOT = iphoneos;
				SWIFT_OPTIMIZATION_LEVEL = "-Onone";
			};
			name = Debug;
		};
		AB1C34C41C9802B300C7A854 /* Release */ = {
			isa = XCBuildConfiguration;
			buildSettings = {
				ALWAYS_SEARCH_USER_PATHS = NO;
				CLANG_CXX_LANGUAGE_STANDARD = "gnu++0x";
				CLANG_CXX_LIBRARY = "libc++";
				CLANG_ENABLE_MODULES = YES;
				CLANG_ENABLE_OBJC_ARC = YES;
				CLANG_WARN_BOOL_CONVERSION = YES;
				CLANG_WARN_CONSTANT_CONVERSION = YES;
				CLANG_WARN_DIRECT_OBJC_ISA_USAGE = YES_ERROR;
				CLANG_WARN_EMPTY_BODY = YES;
				CLANG_WARN_ENUM_CONVERSION = YES;
				CLANG_WARN_INT_CONVERSION = YES;
				CLANG_WARN_OBJC_ROOT_CLASS = YES_ERROR;
				CLANG_WARN_UNREACHABLE_CODE = YES;
				CLANG_WARN__DUPLICATE_METHOD_MATCH = YES;
				"CODE_SIGN_IDENTITY[sdk=iphoneos*]" = "iPhone Developer";
				COPY_PHASE_STRIP = NO;
				DEBUG_INFORMATION_FORMAT = "dwarf-with-dsym";
				ENABLE_NS_ASSERTIONS = NO;
				ENABLE_STRICT_OBJC_MSGSEND = YES;
				GCC_C_LANGUAGE_STANDARD = gnu99;
				GCC_NO_COMMON_BLOCKS = YES;
				GCC_WARN_64_TO_32_BIT_CONVERSION = YES;
				GCC_WARN_ABOUT_RETURN_TYPE = YES_ERROR;
				GCC_WARN_UNDECLARED_SELECTOR = YES;
				GCC_WARN_UNINITIALIZED_AUTOS = YES_AGGRESSIVE;
				GCC_WARN_UNUSED_FUNCTION = YES;
				GCC_WARN_UNUSED_VARIABLE = YES;
				IPHONEOS_DEPLOYMENT_TARGET = 9.2;
				MTL_ENABLE_DEBUG_INFO = NO;
				SDKROOT = iphoneos;
				VALIDATE_PRODUCT = YES;
			};
			name = Release;
		};
		AB1C34C61C9802B300C7A854 /* Debug */ = {
			isa = XCBuildConfiguration;
			buildSettings = {
				ASSETCATALOG_COMPILER_APPICON_NAME = AppIcon;
				INFOPLIST_FILE = "摇一摇/Info.plist";
				LD_RUNPATH_SEARCH_PATHS = "$(inherited) @executable_path/Frameworks";
				PRODUCT_BUNDLE_IDENTIFIER = "CZ.---iOS4---";
				PRODUCT_NAME = "$(TARGET_NAME)";
			};
			name = Debug;
		};
		AB1C34C71C9802B300C7A854 /* Release */ = {
			isa = XCBuildConfiguration;
			buildSettings = {
				ASSETCATALOG_COMPILER_APPICON_NAME = AppIcon;
				INFOPLIST_FILE = "摇一摇/Info.plist";
				LD_RUNPATH_SEARCH_PATHS = "$(inherited) @executable_path/Frameworks";
				PRODUCT_BUNDLE_IDENTIFIER = "CZ.---iOS4---";
				PRODUCT_NAME = "$(TARGET_NAME)";
			};
			name = Release;
		};
		AB1C34C91C9802B300C7A854 /* Debug */ = {
			isa = XCBuildConfiguration;
			buildSettings = {
				BUNDLE_LOADER = "$(TEST_HOST)";
				INFOPLIST_FILE = "摇一摇Tests/Info.plist";
				LD_RUNPATH_SEARCH_PATHS = "$(inherited) @executable_path/Frameworks @loader_path/Frameworks";
				PRODUCT_BUNDLE_IDENTIFIER = "CZ.---Tests";
				PRODUCT_NAME = "$(TARGET_NAME)";
				TEST_HOST = "$(BUILT_PRODUCTS_DIR)/摇一摇.app/摇一摇";
			};
			name = Debug;
		};
		AB1C34CA1C9802B300C7A854 /* Release */ = {
			isa = XCBuildConfiguration;
			buildSettings = {
				BUNDLE_LOADER = "$(TEST_HOST)";
				INFOPLIST_FILE = "摇一摇Tests/Info.plist";
				LD_RUNPATH_SEARCH_PATHS = "$(inherited) @executable_path/Frameworks @loader_path/Frameworks";
				PRODUCT_BUNDLE_IDENTIFIER = "CZ.---Tests";
				PRODUCT_NAME = "$(TARGET_NAME)";
				TEST_HOST = "$(BUILT_PRODUCTS_DIR)/摇一摇.app/摇一摇";
			};
			name = Release;
		};
		AB1C34CC1C9802B300C7A854 /* Debug */ = {
			isa = XCBuildConfiguration;
			buildSettings = {
				INFOPLIST_FILE = "摇一摇UITests/Info.plist";
				LD_RUNPATH_SEARCH_PATHS = "$(inherited) @executable_path/Frameworks @loader_path/Frameworks";
				PRODUCT_BUNDLE_IDENTIFIER = "CZ.---UITests";
				PRODUCT_NAME = "$(TARGET_NAME)";
				TEST_TARGET_NAME = "摇一摇";
				USES_XCTRUNNER = YES;
			};
			name = Debug;
		};
		AB1C34CD1C9802B300C7A854 /* Release */ = {
			isa = XCBuildConfiguration;
			buildSettings = {
				INFOPLIST_FILE = "摇一摇UITests/Info.plist";
				LD_RUNPATH_SEARCH_PATHS = "$(inherited) @executable_path/Frameworks @loader_path/Frameworks";
				PRODUCT_BUNDLE_IDENTIFIER = "CZ.---UITests";
				PRODUCT_NAME = "$(TARGET_NAME)";
				TEST_TARGET_NAME = "摇一摇";
				USES_XCTRUNNER = YES;
			};
			name = Release;
		};
/* End XCBuildConfiguration section */

/* Begin XCConfigurationList section */
		AB1C34981C9802B200C7A854 /* Build configuration list for PBXProject "摇一摇" */ = {
			isa = XCConfigurationList;
			buildConfigurations = (
				AB1C34C31C9802B300C7A854 /* Debug */,
				AB1C34C41C9802B300C7A854 /* Release */,
			);
			defaultConfigurationIsVisible = 0;
			defaultConfigurationName = Release;
		};
		AB1C34C51C9802B300C7A854 /* Build configuration list for PBXNativeTarget "摇一摇" */ = {
			isa = XCConfigurationList;
			buildConfigurations = (
				AB1C34C61C9802B300C7A854 /* Debug */,
				AB1C34C71C9802B300C7A854 /* Release */,
			);
			defaultConfigurationIsVisible = 0;
		};
		AB1C34C81C9802B300C7A854 /* Build configuration list for PBXNativeTarget "摇一摇Tests" */ = {
			isa = XCConfigurationList;
			buildConfigurations = (
				AB1C34C91C9802B300C7A854 /* Debug */,
				AB1C34CA1C9802B300C7A854 /* Release */,
			);
			defaultConfigurationIsVisible = 0;
		};
		AB1C34CB1C9802B300C7A854 /* Build configuration list for PBXNativeTarget "摇一摇UITests" */ = {
			isa = XCConfigurationList;
			buildConfigurations = (
				AB1C34CC1C9802B300C7A854 /* Debug */,
				AB1C34CD1C9802B300C7A854 /* Release */,
			);
			defaultConfigurationIsVisible = 0;
		};
/* End XCConfigurationList section */
	};
	rootObject = AB1C34951C9802B200C7A854 /* Project object */;
}
