// !$*UTF8*$!
{
	archiveVersion = 1;
	classes = {
	};
	objectVersion = 46;
	objects = {

/* Begin PBXBuildFile section */
		AB8FA3311C99A89200ED55D1 /* AppDelegate.swift in Sources */ = {isa = PBXBuildFile; fileRef = AB8FA3301C99A89200ED55D1 /* AppDelegate.swift */; };
		AB8FA3331C99A89200ED55D1 /* ViewController.swift in Sources */ = {isa = PBXBuildFile; fileRef = AB8FA3321C99A89200ED55D1 /* ViewController.swift */; };
		AB8FA3361C99A89200ED55D1 /* Main.storyboard in Resources */ = {isa = PBXBuildFile; fileRef = AB8FA3341C99A89200ED55D1 /* Main.storyboard */; };
		AB8FA3381C99A89200ED55D1 /* Assets.xcassets in Resources */ = {isa = PBXBuildFile; fileRef = AB8FA3371C99A89200ED55D1 /* Assets.xcassets */; };
		AB8FA33B1C99A89200ED55D1 /* LaunchScreen.storyboard in Resources */ = {isa = PBXBuildFile; fileRef = AB8FA3391C99A89200ED55D1 /* LaunchScreen.storyboard */; };
		AB8FA3461C99A89200ED55D1 /* newsTests.swift in Sources */ = {isa = PBXBuildFile; fileRef = AB8FA3451C99A89200ED55D1 /* newsTests.swift */; };
		AB8FA3511C99A89200ED55D1 /* newsUITests.swift in Sources */ = {isa = PBXBuildFile; fileRef = AB8FA3501C99A89200ED55D1 /* newsUITests.swift */; };
/* End PBXBuildFile section */

/* Begin PBXContainerItemProxy section */
		AB8FA3421C99A89200ED55D1 /* PBXContainerItemProxy */ = {
			isa = PBXContainerItemProxy;
			containerPortal = AB8FA3251C99A89200ED55D1 /* Project object */;
			proxyType = 1;
			remoteGlobalIDString = AB8FA32C1C99A89200ED55D1;
			remoteInfo = news;
		};
		AB8FA34D1C99A89200ED55D1 /* PBXContainerItemProxy */ = {
			isa = PBXContainerItemProxy;
			containerPortal = AB8FA3251C99A89200ED55D1 /* Project object */;
			proxyType = 1;
			remoteGlobalIDString = AB8FA32C1C99A89200ED55D1;
			remoteInfo = news;
		};
/* End PBXContainerItemProxy section */

/* Begin PBXFileReference section */
		AB8FA32D1C99A89200ED55D1 /* news.app */ = {isa = PBXFileReference; explicitFileType = wrapper.application; includeInIndex = 0; path = news.app; sourceTree = BUILT_PRODUCTS_DIR; };
		AB8FA3301C99A89200ED55D1 /* AppDelegate.swift */ = {isa = PBXFileReference; lastKnownFileType = sourcecode.swift; path = AppDelegate.swift; sourceTree = "<group>"; };
		AB8FA3321C99A89200ED55D1 /* ViewController.swift */ = {isa = PBXFileReference; lastKnownFileType = sourcecode.swift; path = ViewController.swift; sourceTree = "<group>"; };
		AB8FA3351C99A89200ED55D1 /* Base */ = {isa = PBXFileReference; lastKnownFileType = file.storyboard; name = Base; path = Base.lproj/Main.storyboard; sourceTree = "<group>"; };
		AB8FA3371C99A89200ED55D1 /* Assets.xcassets */ = {isa = PBXFileReference; lastKnownFileType = folder.assetcatalog; path = Assets.xcassets; sourceTree = "<group>"; };
		AB8FA33A1C99A89200ED55D1 /* Base */ = {isa = PBXFileReference; lastKnownFileType = file.storyboard; name = Base; path = Base.lproj/LaunchScreen.storyboard; sourceTree = "<group>"; };
		AB8FA33C1C99A89200ED55D1 /* Info.plist */ = {isa = PBXFileReference; lastKnownFileType = text.plist.xml; path = Info.plist; sourceTree = "<group>"; };
		AB8FA3411C99A89200ED55D1 /* newsTests.xctest */ = {isa = PBXFileReference; explicitFileType = wrapper.cfbundle; includeInIndex = 0; path = newsTests.xctest; sourceTree = BUILT_PRODUCTS_DIR; };
		AB8FA3451C99A89200ED55D1 /* newsTests.swift */ = {isa = PBXFileReference; lastKnownFileType = sourcecode.swift; path = newsTests.swift; sourceTree = "<group>"; };
		AB8FA3471C99A89200ED55D1 /* Info.plist */ = {isa = PBXFileReference; lastKnownFileType = text.plist.xml; path = Info.plist; sourceTree = "<group>"; };
		AB8FA34C1C99A89200ED55D1 /* newsUITests.xctest */ = {isa = PBXFileReference; explicitFileType = wrapper.cfbundle; includeInIndex = 0; path = newsUITests.xctest; sourceTree = BUILT_PRODUCTS_DIR; };
		AB8FA3501C99A89200ED55D1 /* newsUITests.swift */ = {isa = PBXFileReference; lastKnownFileType = sourcecode.swift; path = newsUITests.swift; sourceTree = "<group>"; };
		AB8FA3521C99A89200ED55D1 /* Info.plist */ = {isa = PBXFileReference; lastKnownFileType = text.plist.xml; path = Info.plist; sourceTree = "<group>"; };
/* End PBXFileReference section */

/* Begin PBXFrameworksBuildPhase section */
		AB8FA32A1C99A89200ED55D1 /* Frameworks */ = {
			isa = PBXFrameworksBuildPhase;
			buildActionMask = 2147483647;
			files = (
			);
			runOnlyForDeploymentPostprocessing = 0;
		};
		AB8FA33E1C99A89200ED55D1 /* Frameworks */ = {
			isa = PBXFrameworksBuildPhase;
			buildActionMask = 2147483647;
			files = (
			);
			runOnlyForDeploymentPostprocessing = 0;
		};
		AB8FA3491C99A89200ED55D1 /* Frameworks */ = {
			isa = PBXFrameworksBuildPhase;
			buildActionMask = 2147483647;
			files = (
			);
			runOnlyForDeploymentPostprocessing = 0;
		};
/* End PBXFrameworksBuildPhase section */

/* Begin PBXGroup section */
		AB8FA3241C99A89200ED55D1 = {
			isa = PBXGroup;
			children = (
				AB8FA32F1C99A89200ED55D1 /* news */,
				AB8FA3441C99A89200ED55D1 /* newsTests */,
				AB8FA34F1C99A89200ED55D1 /* newsUITests */,
				AB8FA32E1C99A89200ED55D1 /* Products */,
			);
			sourceTree = "<group>";
		};
		AB8FA32E1C99A89200ED55D1 /* Products */ = {
			isa = PBXGroup;
			children = (
				AB8FA32D1C99A89200ED55D1 /* news.app */,
				AB8FA3411C99A89200ED55D1 /* newsTests.xctest */,
				AB8FA34C1C99A89200ED55D1 /* newsUITests.xctest */,
			);
			name = Products;
			sourceTree = "<group>";
		};
		AB8FA32F1C99A89200ED55D1 /* news */ = {
			isa = PBXGroup;
			children = (
				AB8FA3301C99A89200ED55D1 /* AppDelegate.swift */,
				AB8FA3321C99A89200ED55D1 /* ViewController.swift */,
				AB8FA3341C99A89200ED55D1 /* Main.storyboard */,
				AB8FA3371C99A89200ED55D1 /* Assets.xcassets */,
				AB8FA3391C99A89200ED55D1 /* LaunchScreen.storyboard */,
				AB8FA33C1C99A89200ED55D1 /* Info.plist */,
			);
			path = news;
			sourceTree = "<group>";
		};
		AB8FA3441C99A89200ED55D1 /* newsTests */ = {
			isa = PBXGroup;
			children = (
				AB8FA3451C99A89200ED55D1 /* newsTests.swift */,
				AB8FA3471C99A89200ED55D1 /* Info.plist */,
			);
			path = newsTests;
			sourceTree = "<group>";
		};
		AB8FA34F1C99A89200ED55D1 /* newsUITests */ = {
			isa = PBXGroup;
			children = (
				AB8FA3501C99A89200ED55D1 /* newsUITests.swift */,
				AB8FA3521C99A89200ED55D1 /* Info.plist */,
			);
			path = newsUITests;
			sourceTree = "<group>";
		};
/* End PBXGroup section */

/* Begin PBXNativeTarget section */
		AB8FA32C1C99A89200ED55D1 /* news */ = {
			isa = PBXNativeTarget;
			buildConfigurationList = AB8FA3551C99A89200ED55D1 /* Build configuration list for PBXNativeTarget "news" */;
			buildPhases = (
				AB8FA3291C99A89200ED55D1 /* Sources */,
				AB8FA32A1C99A89200ED55D1 /* Frameworks */,
				AB8FA32B1C99A89200ED55D1 /* Resources */,
			);
			buildRules = (
			);
			dependencies = (
			);
			name = news;
			productName = news;
			productReference = AB8FA32D1C99A89200ED55D1 /* news.app */;
			productType = "com.apple.product-type.application";
		};
		AB8FA3401C99A89200ED55D1 /* newsTests */ = {
			isa = PBXNativeTarget;
			buildConfigurationList = AB8FA3581C99A89200ED55D1 /* Build configuration list for PBXNativeTarget "newsTests" */;
			buildPhases = (
				AB8FA33D1C99A89200ED55D1 /* Sources */,
				AB8FA33E1C99A89200ED55D1 /* Frameworks */,
				AB8FA33F1C99A89200ED55D1 /* Resources */,
			);
			buildRules = (
			);
			dependencies = (
				AB8FA3431C99A89200ED55D1 /* PBXTargetDependency */,
			);
			name = newsTests;
			productName = newsTests;
			productReference = AB8FA3411C99A89200ED55D1 /* newsTests.xctest */;
			productType = "com.apple.product-type.bundle.unit-test";
		};
		AB8FA34B1C99A89200ED55D1 /* newsUITests */ = {
			isa = PBXNativeTarget;
			buildConfigurationList = AB8FA35B1C99A89200ED55D1 /* Build configuration list for PBXNativeTarget "newsUITests" */;
			buildPhases = (
				AB8FA3481C99A89200ED55D1 /* Sources */,
				AB8FA3491C99A89200ED55D1 /* Frameworks */,
				AB8FA34A1C99A89200ED55D1 /* Resources */,
			);
			buildRules = (
			);
			dependencies = (
				AB8FA34E1C99A89200ED55D1 /* PBXTargetDependency */,
			);
			name = newsUITests;
			productName = newsUITests;
			productReference = AB8FA34C1C99A89200ED55D1 /* newsUITests.xctest */;
			productType = "com.apple.product-type.bundle.ui-testing";
		};
/* End PBXNativeTarget section */

/* Begin PBXProject section */
		AB8FA3251C99A89200ED55D1 /* Project object */ = {
			isa = PBXProject;
			attributes = {
				LastSwiftUpdateCheck = 0720;
				LastUpgradeCheck = 0720;
				ORGANIZATIONNAME = czljcb;
				TargetAttributes = {
					AB8FA32C1C99A89200ED55D1 = {
						CreatedOnToolsVersion = 7.2;
						DevelopmentTeam = R572233UJT;
					};
					AB8FA3401C99A89200ED55D1 = {
						CreatedOnToolsVersion = 7.2;
						DevelopmentTeam = R572233UJT;
						TestTargetID = AB8FA32C1C99A89200ED55D1;
					};
					AB8FA34B1C99A89200ED55D1 = {
						CreatedOnToolsVersion = 7.2;
						DevelopmentTeam = R572233UJT;
						TestTargetID = AB8FA32C1C99A89200ED55D1;
					};
				};
			};
			buildConfigurationList = AB8FA3281C99A89200ED55D1 /* Build configuration list for PBXProject "news" */;
			compatibilityVersion = "Xcode 3.2";
			developmentRegion = English;
			hasScannedForEncodings = 0;
			knownRegions = (
				en,
				Base,
			);
			mainGroup = AB8FA3241C99A89200ED55D1;
			productRefGroup = AB8FA32E1C99A89200ED55D1 /* Products */;
			projectDirPath = "";
			projectRoot = "";
			targets = (
				AB8FA32C1C99A89200ED55D1 /* news */,
				AB8FA3401C99A89200ED55D1 /* newsTests */,
				AB8FA34B1C99A89200ED55D1 /* newsUITests */,
			);
		};
/* End PBXProject section */

/* Begin PBXResourcesBuildPhase section */
		AB8FA32B1C99A89200ED55D1 /* Resources */ = {
			isa = PBXResourcesBuildPhase;
			buildActionMask = 2147483647;
			files = (
				AB8FA33B1C99A89200ED55D1 /* LaunchScreen.storyboard in Resources */,
				AB8FA3381C99A89200ED55D1 /* Assets.xcassets in Resources */,
				AB8FA3361C99A89200ED55D1 /* Main.storyboard in Resources */,
			);
			runOnlyForDeploymentPostprocessing = 0;
		};
		AB8FA33F1C99A89200ED55D1 /* Resources */ = {
			isa = PBXResourcesBuildPhase;
			buildActionMask = 2147483647;
			files = (
			);
			runOnlyForDeploymentPostprocessing = 0;
		};
		AB8FA34A1C99A89200ED55D1 /* Resources */ = {
			isa = PBXResourcesBuildPhase;
			buildActionMask = 2147483647;
			files = (
			);
			runOnlyForDeploymentPostprocessing = 0;
		};
/* End PBXResourcesBuildPhase section */

/* Begin PBXSourcesBuildPhase section */
		AB8FA3291C99A89200ED55D1 /* Sources */ = {
			isa = PBXSourcesBuildPhase;
			buildActionMask = 2147483647;
			files = (
				AB8FA3331C99A89200ED55D1 /* ViewController.swift in Sources */,
				AB8FA3311C99A89200ED55D1 /* AppDelegate.swift in Sources */,
			);
			runOnlyForDeploymentPostprocessing = 0;
		};
		AB8FA33D1C99A89200ED55D1 /* Sources */ = {
			isa = PBXSourcesBuildPhase;
			buildActionMask = 2147483647;
			files = (
				AB8FA3461C99A89200ED55D1 /* newsTests.swift in Sources */,
			);
			runOnlyForDeploymentPostprocessing = 0;
		};
		AB8FA3481C99A89200ED55D1 /* Sources */ = {
			isa = PBXSourcesBuildPhase;
			buildActionMask = 2147483647;
			files = (
				AB8FA3511C99A89200ED55D1 /* newsUITests.swift in Sources */,
			);
			runOnlyForDeploymentPostprocessing = 0;
		};
/* End PBXSourcesBuildPhase section */

/* Begin PBXTargetDependency section */
		AB8FA3431C99A89200ED55D1 /* PBXTargetDependency */ = {
			isa = PBXTargetDependency;
			target = AB8FA32C1C99A89200ED55D1 /* news */;
			targetProxy = AB8FA3421C99A89200ED55D1 /* PBXContainerItemProxy */;
		};
		AB8FA34E1C99A89200ED55D1 /* PBXTargetDependency */ = {
			isa = PBXTargetDependency;
			target = AB8FA32C1C99A89200ED55D1 /* news */;
			targetProxy = AB8FA34D1C99A89200ED55D1 /* PBXContainerItemProxy */;
		};
/* End PBXTargetDependency section */

/* Begin PBXVariantGroup section */
		AB8FA3341C99A89200ED55D1 /* Main.storyboard */ = {
			isa = PBXVariantGroup;
			children = (
				AB8FA3351C99A89200ED55D1 /* Base */,
			);
			name = Main.storyboard;
			sourceTree = "<group>";
		};
		AB8FA3391C99A89200ED55D1 /* LaunchScreen.storyboard */ = {
			isa = PBXVariantGroup;
			children = (
				AB8FA33A1C99A89200ED55D1 /* Base */,
			);
			name = LaunchScreen.storyboard;
			sourceTree = "<group>";
		};
/* End PBXVariantGroup section */

/* Begin XCBuildConfiguration section */
		AB8FA3531C99A89200ED55D1 /* Debug */ = {
			isa = XCBuildConfiguration;
			buildSettings = {
				ALWAYS_SEARCH_USER_PATHS = NO;
				CLANG_CXX_LANGUAGE_STANDARD = "gnu++0x";
				CLANG_CXX_LIBRARY = "libc++";
				CLANG_ENABLE_MODULES = YES;
				CLANG_ENABLE_OBJC_ARC = YES;
				CLANG_WARN_BOOL_CONVERSION = YES;
				CLANG_WARN_CONSTANT_CONVERSION = YES;
				CLANG_WARN_DIRECT_OBJC_ISA_USAGE = YES_ERROR;
				CLANG_WARN_EMPTY_BODY = YES;
				CLANG_WARN_ENUM_CONVERSION = YES;
				CLANG_WARN_INT_CONVERSION = YES;
				CLANG_WARN_OBJC_ROOT_CLASS = YES_ERROR;
				CLANG_WARN_UNREACHABLE_CODE = YES;
				CLANG_WARN__DUPLICATE_METHOD_MATCH = YES;
				"CODE_SIGN_IDENTITY[sdk=iphoneos*]" = "iPhone Developer";
				COPY_PHASE_STRIP = NO;
				DEBUG_INFORMATION_FORMAT = dwarf;
				ENABLE_STRICT_OBJC_MSGSEND = YES;
				ENABLE_TESTABILITY = YES;
				GCC_C_LANGUAGE_STANDARD = gnu99;
				GCC_DYNAMIC_NO_PIC = NO;
				GCC_NO_COMMON_BLOCKS = YES;
				GCC_OPTIMIZATION_LEVEL = 0;
				GCC_PREPROCESSOR_DEFINITIONS = (
					"DEBUG=1",
					"$(inherited)",
				);
				GCC_WARN_64_TO_32_BIT_CONVERSION = YES;
				GCC_WARN_ABOUT_RETURN_TYPE = YES_ERROR;
				GCC_WARN_UNDECLARED_SELECTOR = YES;
				GCC_WARN_UNINITIALIZED_AUTOS = YES_AGGRESSIVE;
				GCC_WARN_UNUSED_FUNCTION = YES;
				GCC_WARN_UNUSED_VARIABLE = YES;
				IPHONEOS_DEPLOYMENT_TARGET = 9.2;
				MTL_ENABLE_DEBUG_INFO = YES;
				ONLY_ACTIVE_ARCH = YES;
				SDKROOT = iphoneos;
				SWIFT_OPTIMIZATION_LEVEL = "-Onone";
			};
			name = Debug;
		};
		AB8FA3541C99A89200ED55D1 /* Release */ = {
			isa = XCBuildConfiguration;
			buildSettings = {
				ALWAYS_SEARCH_USER_PATHS = NO;
				CLANG_CXX_LANGUAGE_STANDARD = "gnu++0x";
				CLANG_CXX_LIBRARY = "libc++";
				CLANG_ENABLE_MODULES = YES;
				CLANG_ENABLE_OBJC_ARC = YES;
				CLANG_WARN_BOOL_CONVERSION = YES;
				CLANG_WARN_CONSTANT_CONVERSION = YES;
				CLANG_WARN_DIRECT_OBJC_ISA_USAGE = YES_ERROR;
				CLANG_WARN_EMPTY_BODY = YES;
				CLANG_WARN_ENUM_CONVERSION = YES;
				CLANG_WARN_INT_CONVERSION = YES;
				CLANG_WARN_OBJC_ROOT_CLASS = YES_ERROR;
				CLANG_WARN_UNREACHABLE_CODE = YES;
				CLANG_WARN__DUPLICATE_METHOD_MATCH = YES;
				"CODE_SIGN_IDENTITY[sdk=iphoneos*]" = "iPhone Developer";
				COPY_PHASE_STRIP = NO;
				DEBUG_INFORMATION_FORMAT = "dwarf-with-dsym";
				ENABLE_NS_ASSERTIONS = NO;
				ENABLE_STRICT_OBJC_MSGSEND = YES;
				GCC_C_LANGUAGE_STANDARD = gnu99;
				GCC_NO_COMMON_BLOCKS = YES;
				GCC_WARN_64_TO_32_BIT_CONVERSION = YES;
				GCC_WARN_ABOUT_RETURN_TYPE = YES_ERROR;
				GCC_WARN_UNDECLARED_SELECTOR = YES;
				GCC_WARN_UNINITIALIZED_AUTOS = YES_AGGRESSIVE;
				GCC_WARN_UNUSED_FUNCTION = YES;
				GCC_WARN_UNUSED_VARIABLE = YES;
				IPHONEOS_DEPLOYMENT_TARGET = 9.2;
				MTL_ENABLE_DEBUG_INFO = NO;
				SDKROOT = iphoneos;
				VALIDATE_PRODUCT = YES;
			};
			name = Release;
		};
		AB8FA3561C99A89200ED55D1 /* Debug */ = {
			isa = XCBuildConfiguration;
			buildSettings = {
				ASSETCATALOG_COMPILER_APPICON_NAME = AppIcon;
				INFOPLIST_FILE = news/Info.plist;
				LD_RUNPATH_SEARCH_PATHS = "$(inherited) @executable_path/Frameworks";
				PRODUCT_BUNDLE_IDENTIFIER = CZ.news;
				PRODUCT_NAME = "$(TARGET_NAME)";
			};
			name = Debug;
		};
		AB8FA3571C99A89200ED55D1 /* Release */ = {
			isa = XCBuildConfiguration;
			buildSettings = {
				ASSETCATALOG_COMPILER_APPICON_NAME = AppIcon;
				INFOPLIST_FILE = news/Info.plist;
				LD_RUNPATH_SEARCH_PATHS = "$(inherited) @executable_path/Frameworks";
				PRODUCT_BUNDLE_IDENTIFIER = CZ.news;
				PRODUCT_NAME = "$(TARGET_NAME)";
			};
			name = Release;
		};
		AB8FA3591C99A89200ED55D1 /* Debug */ = {
			isa = XCBuildConfiguration;
			buildSettings = {
				BUNDLE_LOADER = "$(TEST_HOST)";
				INFOPLIST_FILE = newsTests/Info.plist;
				LD_RUNPATH_SEARCH_PATHS = "$(inherited) @executable_path/Frameworks @loader_path/Frameworks";
				PRODUCT_BUNDLE_IDENTIFIER = CZ.newsTests;
				PRODUCT_NAME = "$(TARGET_NAME)";
				TEST_HOST = "$(BUILT_PRODUCTS_DIR)/news.app/news";
			};
			name = Debug;
		};
		AB8FA35A1C99A89200ED55D1 /* Release */ = {
			isa = XCBuildConfiguration;
			buildSettings = {
				BUNDLE_LOADER = "$(TEST_HOST)";
				INFOPLIST_FILE = newsTests/Info.plist;
				LD_RUNPATH_SEARCH_PATHS = "$(inherited) @executable_path/Frameworks @loader_path/Frameworks";
				PRODUCT_BUNDLE_IDENTIFIER = CZ.newsTests;
				PRODUCT_NAME = "$(TARGET_NAME)";
				TEST_HOST = "$(BUILT_PRODUCTS_DIR)/news.app/news";
			};
			name = Release;
		};
		AB8FA35C1C99A89200ED55D1 /* Debug */ = {
			isa = XCBuildConfiguration;
			buildSettings = {
				INFOPLIST_FILE = newsUITests/Info.plist;
				LD_RUNPATH_SEARCH_PATHS = "$(inherited) @executable_path/Frameworks @loader_path/Frameworks";
				PRODUCT_BUNDLE_IDENTIFIER = CZ.newsUITests;
				PRODUCT_NAME = "$(TARGET_NAME)";
				TEST_TARGET_NAME = news;
				USES_XCTRUNNER = YES;
			};
			name = Debug;
		};
		AB8FA35D1C99A89200ED55D1 /* Release */ = {
			isa = XCBuildConfiguration;
			buildSettings = {
				INFOPLIST_FILE = newsUITests/Info.plist;
				LD_RUNPATH_SEARCH_PATHS = "$(inherited) @executable_path/Frameworks @loader_path/Frameworks";
				PRODUCT_BUNDLE_IDENTIFIER = CZ.newsUITests;
				PRODUCT_NAME = "$(TARGET_NAME)";
				TEST_TARGET_NAME = news;
				USES_XCTRUNNER = YES;
			};
			name = Release;
		};
/* End XCBuildConfiguration section */

/* Begin XCConfigurationList section */
		AB8FA3281C99A89200ED55D1 /* Build configuration list for PBXProject "news" */ = {
			isa = XCConfigurationList;
			buildConfigurations = (
				AB8FA3531C99A89200ED55D1 /* Debug */,
				AB8FA3541C99A89200ED55D1 /* Release */,
			);
			defaultConfigurationIsVisible = 0;
			defaultConfigurationName = Release;
		};
		AB8FA3551C99A89200ED55D1 /* Build configuration list for PBXNativeTarget "news" */ = {
			isa = XCConfigurationList;
			buildConfigurations = (
				AB8FA3561C99A89200ED55D1 /* Debug */,
				AB8FA3571C99A89200ED55D1 /* Release */,
			);
			defaultConfigurationIsVisible = 0;
		};
		AB8FA3581C99A89200ED55D1 /* Build configuration list for PBXNativeTarget "newsTests" */ = {
			isa = XCConfigurationList;
			buildConfigurations = (
				AB8FA3591C99A89200ED55D1 /* Debug */,
				AB8FA35A1C99A89200ED55D1 /* Release */,
			);
			defaultConfigurationIsVisible = 0;
		};
		AB8FA35B1C99A89200ED55D1 /* Build configuration list for PBXNativeTarget "newsUITests" */ = {
			isa = XCConfigurationList;
			buildConfigurations = (
				AB8FA35C1C99A89200ED55D1 /* Debug */,
				AB8FA35D1C99A89200ED55D1 /* Release */,
			);
			defaultConfigurationIsVisible = 0;
		};
/* End XCConfigurationList section */
	};
	rootObject = AB8FA3251C99A89200ED55D1 /* Project object */;
}
